
Microsoft Visual Studio Solution File, Format Version 10.00
# Visual Studio 2008
Project("{F184B08F-C81C-45F6-A57F-5ABD9991F28F}") = "MathLibrary", "MathLibrary.vbproj", "{EEACF9F3-1FA1-4966-AD24-F975DB5FE1CC}"
EndProject
Global
	GlobalSection(SolutionConfigurationPlatforms) = preSolution
		Debug|Any CPU = Debug|Any CPU
		Release|Any CPU = Release|Any CPU
	EndGlobalSection
	GlobalSection(ProjectConfigurationPlatforms) = postSolution
		{EEACF9F3-1FA1-4966-AD24-F975DB5FE1CC}.Debug|Any CPU.ActiveCfg = Debug|Any CPU
		{EEACF9F3-1FA1-4966-AD24-F975DB5FE1CC}.Debug|Any CPU.Build.0 = Debug|Any CPU
		{EEACF9F3-1FA1-4966-AD24-F975DB5FE1CC}.Release|Any CPU.ActiveCfg = Release|Any CPU
		{EEACF9F3-1FA1-4966-AD24-F975DB5FE1CC}.Release|Any CPU.Build.0 = Release|Any CPU
	EndGlobalSection
	GlobalSection(SolutionProperties) = preSolution
		HideSolutionNode = FALSE
	EndGlobalSection
EndGlobal
