
Microsoft Visual Studio Solution File, Format Version 10.00
# Visual Studio 2008
Project("{FAE04EC0-301F-11D3-BF4B-00C04F79EFBC}") = "MonitorWebSite", "MonitorWebSite\MonitorWebSite.csproj", "{CF93CBE9-DD63-4E63-9C96-AED7C504A1BB}"
EndProject
Project("{54435603-DBB4-11D2-8724-00A0C9A8B90C}") = "WebSiteMonitorSetup", "WebSiteMonitorSetup\WebSiteMonitorSetup.vdproj", "{FC2E6D02-5070-4B81-BD54-BC511FE3CFED}"
EndProject
Global
	GlobalSection(SolutionConfigurationPlatforms) = preSolution
		Debug|Any CPU = Debug|Any CPU
		Release|Any CPU = Release|Any CPU
	EndGlobalSection
	GlobalSection(ProjectConfigurationPlatforms) = postSolution
		{CF93CBE9-DD63-4E63-9C96-AED7C504A1BB}.Debug|Any CPU.ActiveCfg = Debug|Any CPU
		{CF93CBE9-DD63-4E63-9C96-AED7C504A1BB}.Debug|Any CPU.Build.0 = Debug|Any CPU
		{CF93CBE9-DD63-4E63-9C96-AED7C504A1BB}.Release|Any CPU.ActiveCfg = Release|Any CPU
		{CF93CBE9-DD63-4E63-9C96-AED7C504A1BB}.Release|Any CPU.Build.0 = Release|Any CPU
		{FC2E6D02-5070-4B81-BD54-BC511FE3CFED}.Debug|Any CPU.ActiveCfg = Debug
		{FC2E6D02-5070-4B81-BD54-BC511FE3CFED}.Release|Any CPU.ActiveCfg = Release
	EndGlobalSection
	GlobalSection(SolutionProperties) = preSolution
		HideSolutionNode = FALSE
	EndGlobalSection
EndGlobal
