
Microsoft Visual Studio Solution File, Format Version 10.00
# Visual Studio 2008
Project("{FAE04EC0-301F-11D3-BF4B-00C04F79EFBC}") = "addon-console", "addon-console\addon-console.csproj", "{8071BFAF-C12E-4DB6-8EC0-636EA2C6ADA6}"
EndProject
Global
	GlobalSection(SolutionConfigurationPlatforms) = preSolution
		Debug|Any CPU = Debug|Any CPU
		Release|Any CPU = Release|Any CPU
	EndGlobalSection
	GlobalSection(ProjectConfigurationPlatforms) = postSolution
		{8071BFAF-C12E-4DB6-8EC0-636EA2C6ADA6}.Debug|Any CPU.ActiveCfg = Debug|Any CPU
		{8071BFAF-C12E-4DB6-8EC0-636EA2C6ADA6}.Debug|Any CPU.Build.0 = Debug|Any CPU
		{8071BFAF-C12E-4DB6-8EC0-636EA2C6ADA6}.Release|Any CPU.ActiveCfg = Release|Any CPU
		{8071BFAF-C12E-4DB6-8EC0-636EA2C6ADA6}.Release|Any CPU.Build.0 = Release|Any CPU
	EndGlobalSection
	GlobalSection(SolutionProperties) = preSolution
		HideSolutionNode = FALSE
	EndGlobalSection
EndGlobal
