
Microsoft Visual Studio Solution File, Format Version 10.00
# Visual Studio 2008
Project("{FAE04EC0-301F-11D3-BF4B-00C04F79EFBC}") = "WatchFileSystem", "WatchFileSystem\WatchFileSystem.csproj", "{B047A9CC-078C-42EE-A060-F4DE460D157B}"
EndProject
Global
	GlobalSection(SolutionConfigurationPlatforms) = preSolution
		Debug|Any CPU = Debug|Any CPU
		Release|Any CPU = Release|Any CPU
	EndGlobalSection
	GlobalSection(ProjectConfigurationPlatforms) = postSolution
		{B047A9CC-078C-42EE-A060-F4DE460D157B}.Debug|Any CPU.ActiveCfg = Debug|Any CPU
		{B047A9CC-078C-42EE-A060-F4DE460D157B}.Debug|Any CPU.Build.0 = Debug|Any CPU
		{B047A9CC-078C-42EE-A060-F4DE460D157B}.Release|Any CPU.ActiveCfg = Release|Any CPU
		{B047A9CC-078C-42EE-A060-F4DE460D157B}.Release|Any CPU.Build.0 = Release|Any CPU
	EndGlobalSection
	GlobalSection(SolutionProperties) = preSolution
		HideSolutionNode = FALSE
	EndGlobalSection
EndGlobal
