
Microsoft Visual Studio Solution File, Format Version 10.00
# Visual Studio 2008
Project("{F184B08F-C81C-45F6-A57F-5ABD9991F28F}") = "PerfApp", "PerfApp.vbproj", "{7080A636-4C2A-4EB2-B95F-DCFDFA3D98FB}"
EndProject
Project("{F184B08F-C81C-45F6-A57F-5ABD9991F28F}") = "PerfAppInstaller", "..\PerfAppInstaller\PerfAppInstaller.vbproj", "{94B49D6E-8900-4EDD-9D12-9743995CF1BF}"
EndProject
Project("{54435603-DBB4-11D2-8724-00A0C9A8B90C}") = "PerfApp Setup", "..\PerfApp Setup\PerfApp Setup.vdproj", "{F855A16E-F19E-4E22-9A86-ED34F3F5CFB9}"
EndProject
Global
	GlobalSection(SolutionConfigurationPlatforms) = preSolution
		Debug|Any CPU = Debug|Any CPU
		Release|Any CPU = Release|Any CPU
	EndGlobalSection
	GlobalSection(ProjectConfigurationPlatforms) = postSolution
		{7080A636-4C2A-4EB2-B95F-DCFDFA3D98FB}.Debug|Any CPU.ActiveCfg = Debug|Any CPU
		{7080A636-4C2A-4EB2-B95F-DCFDFA3D98FB}.Debug|Any CPU.Build.0 = Debug|Any CPU
		{7080A636-4C2A-4EB2-B95F-DCFDFA3D98FB}.Release|Any CPU.ActiveCfg = Release|Any CPU
		{7080A636-4C2A-4EB2-B95F-DCFDFA3D98FB}.Release|Any CPU.Build.0 = Release|Any CPU
		{94B49D6E-8900-4EDD-9D12-9743995CF1BF}.Debug|Any CPU.ActiveCfg = Debug|Any CPU
		{94B49D6E-8900-4EDD-9D12-9743995CF1BF}.Debug|Any CPU.Build.0 = Debug|Any CPU
		{94B49D6E-8900-4EDD-9D12-9743995CF1BF}.Release|Any CPU.ActiveCfg = Release|Any CPU
		{94B49D6E-8900-4EDD-9D12-9743995CF1BF}.Release|Any CPU.Build.0 = Release|Any CPU
		{F855A16E-F19E-4E22-9A86-ED34F3F5CFB9}.Debug|Any CPU.ActiveCfg = Debug
		{F855A16E-F19E-4E22-9A86-ED34F3F5CFB9}.Release|Any CPU.ActiveCfg = Release
	EndGlobalSection
	GlobalSection(SolutionProperties) = preSolution
		HideSolutionNode = FALSE
	EndGlobalSection
EndGlobal
