
Microsoft Visual Studio Solution File, Format Version 10.00
# Visual Studio 2008
Project("{FAE04EC0-301F-11D3-BF4B-00C04F79EFBC}") = "PerfApp", "PerfApp.csproj", "{F909CA38-405B-465C-8DF0-08CA2DE56373}"
EndProject
Project("{FAE04EC0-301F-11D3-BF4B-00C04F79EFBC}") = "PerfAppInstaller", "..\PerfAppInstaller\PerfAppInstaller.csproj", "{4864FCE2-A117-46AA-8287-F2BB461A8C5B}"
EndProject
Project("{54435603-DBB4-11D2-8724-00A0C9A8B90C}") = "PerfApp Setup", "..\PerfApp Setup\PerfApp Setup.vdproj", "{71B1AC81-0A7F-42EF-8AB3-63886CD96A7F}"
EndProject
Global
	GlobalSection(SolutionConfigurationPlatforms) = preSolution
		Debug|Any CPU = Debug|Any CPU
		Release|Any CPU = Release|Any CPU
	EndGlobalSection
	GlobalSection(ProjectConfigurationPlatforms) = postSolution
		{F909CA38-405B-465C-8DF0-08CA2DE56373}.Debug|Any CPU.ActiveCfg = Debug|Any CPU
		{F909CA38-405B-465C-8DF0-08CA2DE56373}.Debug|Any CPU.Build.0 = Debug|Any CPU
		{F909CA38-405B-465C-8DF0-08CA2DE56373}.Release|Any CPU.ActiveCfg = Release|Any CPU
		{F909CA38-405B-465C-8DF0-08CA2DE56373}.Release|Any CPU.Build.0 = Release|Any CPU
		{4864FCE2-A117-46AA-8287-F2BB461A8C5B}.Debug|Any CPU.ActiveCfg = Debug|Any CPU
		{4864FCE2-A117-46AA-8287-F2BB461A8C5B}.Debug|Any CPU.Build.0 = Debug|Any CPU
		{4864FCE2-A117-46AA-8287-F2BB461A8C5B}.Release|Any CPU.ActiveCfg = Release|Any CPU
		{4864FCE2-A117-46AA-8287-F2BB461A8C5B}.Release|Any CPU.Build.0 = Release|Any CPU
		{71B1AC81-0A7F-42EF-8AB3-63886CD96A7F}.Debug|Any CPU.ActiveCfg = Debug
		{71B1AC81-0A7F-42EF-8AB3-63886CD96A7F}.Release|Any CPU.ActiveCfg = Release
	EndGlobalSection
	GlobalSection(SolutionProperties) = preSolution
		HideSolutionNode = FALSE
	EndGlobalSection
EndGlobal
