
Microsoft Visual Studio Solution File, Format Version 10.00
# Visual Studio 2008
Project("{FAE04EC0-301F-11D3-BF4B-00C04F79EFBC}") = "Hello", "Hello.csproj", "{AFD70512-E22E-4602-837C-9648E83A1142}"
EndProject
Global
	GlobalSection(SolutionConfigurationPlatforms) = preSolution
		Debug|Any CPU = Debug|Any CPU
		Release|Any CPU = Release|Any CPU
	EndGlobalSection
	GlobalSection(ProjectConfigurationPlatforms) = postSolution
		{AFD70512-E22E-4602-837C-9648E83A1142}.Debug|Any CPU.ActiveCfg = Debug|Any CPU
		{AFD70512-E22E-4602-837C-9648E83A1142}.Debug|Any CPU.Build.0 = Debug|Any CPU
		{AFD70512-E22E-4602-837C-9648E83A1142}.Release|Any CPU.ActiveCfg = Release|Any CPU
		{AFD70512-E22E-4602-837C-9648E83A1142}.Release|Any CPU.Build.0 = Release|Any CPU
	EndGlobalSection
	GlobalSection(SolutionProperties) = preSolution
		HideSolutionNode = FALSE
	EndGlobalSection
EndGlobal
