
Microsoft Visual Studio Solution File, Format Version 10.00
# Visual Studio 2008
Project("{54435603-DBB4-11D2-8724-00A0C9A8B90C}") = "LoggingApp Setup", "LoggingApp Setup.vdproj", "{BF95AB5B-AA6D-4C90-835E-3459CF0AD76D}"
EndProject
Global
	GlobalSection(SolutionConfigurationPlatforms) = preSolution
		Debug|Default = Debug|Default
		Release|Default = Release|Default
	EndGlobalSection
	GlobalSection(ProjectConfigurationPlatforms) = postSolution
		{BF95AB5B-AA6D-4C90-835E-3459CF0AD76D}.Debug|Default.ActiveCfg = Debug
		{BF95AB5B-AA6D-4C90-835E-3459CF0AD76D}.Debug|Default.Build.0 = Debug
		{BF95AB5B-AA6D-4C90-835E-3459CF0AD76D}.Release|Default.ActiveCfg = Release
		{BF95AB5B-AA6D-4C90-835E-3459CF0AD76D}.Release|Default.Build.0 = Release
	EndGlobalSection
	GlobalSection(SolutionProperties) = preSolution
		HideSolutionNode = FALSE
	EndGlobalSection
EndGlobal
