
Microsoft Visual Studio Solution File, Format Version 10.00
# Visual Studio 2008
Project("{F184B08F-C81C-45F6-A57F-5ABD9991F28F}") = "WriteText", "WriteText\WriteText.vbproj", "{D2F8251B-7570-426A-9375-819F20232A91}"
EndProject
Global
	GlobalSection(SolutionConfigurationPlatforms) = preSolution
		Debug|Any CPU = Debug|Any CPU
		Release|Any CPU = Release|Any CPU
	EndGlobalSection
	GlobalSection(ProjectConfigurationPlatforms) = postSolution
		{D2F8251B-7570-426A-9375-819F20232A91}.Debug|Any CPU.ActiveCfg = Debug|Any CPU
		{D2F8251B-7570-426A-9375-819F20232A91}.Debug|Any CPU.Build.0 = Debug|Any CPU
		{D2F8251B-7570-426A-9375-819F20232A91}.Release|Any CPU.ActiveCfg = Release|Any CPU
		{D2F8251B-7570-426A-9375-819F20232A91}.Release|Any CPU.Build.0 = Release|Any CPU
	EndGlobalSection
	GlobalSection(SolutionProperties) = preSolution
		HideSolutionNode = FALSE
	EndGlobalSection
EndGlobal
