
Microsoft Visual Studio Solution File, Format Version 10.00
# Visual Studio 2008
Project("{FAE04EC0-301F-11D3-BF4B-00C04F79EFBC}") = "Encrypt", "Encrypt\Encrypt.csproj", "{BF414734-5595-4E67-9029-EC5663B5191D}"
EndProject
Global
	GlobalSection(SolutionConfigurationPlatforms) = preSolution
		Debug|Any CPU = Debug|Any CPU
		Release|Any CPU = Release|Any CPU
	EndGlobalSection
	GlobalSection(ProjectConfigurationPlatforms) = postSolution
		{BF414734-5595-4E67-9029-EC5663B5191D}.Debug|Any CPU.ActiveCfg = Debug|Any CPU
		{BF414734-5595-4E67-9029-EC5663B5191D}.Debug|Any CPU.Build.0 = Debug|Any CPU
		{BF414734-5595-4E67-9029-EC5663B5191D}.Release|Any CPU.ActiveCfg = Release|Any CPU
		{BF414734-5595-4E67-9029-EC5663B5191D}.Release|Any CPU.Build.0 = Release|Any CPU
	EndGlobalSection
	GlobalSection(SolutionProperties) = preSolution
		HideSolutionNode = FALSE
	EndGlobalSection
EndGlobal
