Microsoft Visual Studio Solution File, Format Version 10.00
# Visual Studio 2008
Project("{F184B08F-C81C-45F6-A57F-5ABD9991F28F}") = "TrustedClass", "TrustedClass.vbproj", "{99D8912F-70E7-4ECE-ACB5-A4C8B9AD3400}"
EndProject
Global
	GlobalSection(SolutionConfigurationPlatforms) = preSolution
		Debug|Any CPU = Debug|Any CPU
		Release|Any CPU = Release|Any CPU
	EndGlobalSection
	GlobalSection(ProjectConfigurationPlatforms) = postSolution
		{99D8912F-70E7-4ECE-ACB5-A4C8B9AD3400}.Debug|Any CPU.ActiveCfg = Debug|Any CPU
		{99D8912F-70E7-4ECE-ACB5-A4C8B9AD3400}.Debug|Any CPU.Build.0 = Debug|Any CPU
		{99D8912F-70E7-4ECE-ACB5-A4C8B9AD3400}.Release|Any CPU.ActiveCfg = Release|Any CPU
		{99D8912F-70E7-4ECE-ACB5-A4C8B9AD3400}.Release|Any CPU.Build.0 = Release|Any CPU
	EndGlobalSection
	GlobalSection(SolutionProperties) = preSolution
		HideSolutionNode = FALSE
	EndGlobalSection
EndGlobal
